
Microsoft Visual Studio Solution File, Format Version 12.00
# Visual Studio Version 17
VisualStudioVersion = 17.2.32516.85
MinimumVisualStudioVersion = 10.0.40219.1
Project("{FAE04EC0-301F-11D3-BF4B-00C04F79EFBC}") = "MoviesCSVFile", "MoviesCSVFile\MoviesCSVFile.csproj", "{99D57520-2D27-4179-AB49-A7A568316356}"
EndProject
Global
	GlobalSection(SolutionConfigurationPlatforms) = preSolution
		Debug|Any CPU = Debug|Any CPU
		Release|Any CPU = Release|Any CPU
	EndGlobalSection
	GlobalSection(ProjectConfigurationPlatforms) = postSolution
		{99D57520-2D27-4179-AB49-A7A568316356}.Debug|Any CPU.ActiveCfg = Debug|Any CPU
		{99D57520-2D27-4179-AB49-A7A568316356}.Debug|Any CPU.Build.0 = Debug|Any CPU
		{99D57520-2D27-4179-AB49-A7A568316356}.Release|Any CPU.ActiveCfg = Release|Any CPU
		{99D57520-2D27-4179-AB49-A7A568316356}.Release|Any CPU.Build.0 = Release|Any CPU
	EndGlobalSection
	GlobalSection(SolutionProperties) = preSolution
		HideSolutionNode = FALSE
	EndGlobalSection
	GlobalSection(ExtensibilityGlobals) = postSolution
		SolutionGuid = {E539FD8A-34DA-48EA-8404-B54D6B921FA6}
	EndGlobalSection
EndGlobal
